
Microsoft Visual Studio Solution File, Format Version 12.00
# Visual Studio Version 17
VisualStudioVersion = 17.8.34309.116
MinimumVisualStudioVersion = 10.0.40219.1
Project("{FAE04EC0-301F-11D3-BF4B-00C04F79EFBC}") = "Timer", "Timer\Timer.csproj", "{11DE495B-8266-4502-A959-F307C9CC1ECB}"
EndProject
Global
	GlobalSection(SolutionConfigurationPlatforms) = preSolution
		Debug|Any CPU = Debug|Any CPU
		Release|Any CPU = Release|Any CPU
	EndGlobalSection
	GlobalSection(ProjectConfigurationPlatforms) = postSolution
		{11DE495B-8266-4502-A959-F307C9CC1ECB}.Debug|Any CPU.ActiveCfg = Debug|Any CPU
		{11DE495B-8266-4502-A959-F307C9CC1ECB}.Debug|Any CPU.Build.0 = Debug|Any CPU
		{11DE495B-8266-4502-A959-F307C9CC1ECB}.Release|Any CPU.ActiveCfg = Release|Any CPU
		{11DE495B-8266-4502-A959-F307C9CC1ECB}.Release|Any CPU.Build.0 = Release|Any CPU
	EndGlobalSection
	GlobalSection(SolutionProperties) = preSolution
		HideSolutionNode = FALSE
	EndGlobalSection
	GlobalSection(ExtensibilityGlobals) = postSolution
		SolutionGuid = {107411ED-AA16-442C-986D-72265CDF6A11}
	EndGlobalSection
EndGlobal
